// !$*UTF8*$!
{
	archiveVersion = 1;
	classes = {
	};
	objectVersion = 56;
	objects = {

/* Begin PBXBuildFile section */
		212C298129B7B0D3003A3E7F /* View+Extensions.swift in Sources */ = {isa = PBXBuildFile; fileRef = 212C298029B7B0D3003A3E7F /* View+Extensions.swift */; };
		212C298229B7B0D3003A3E7F /* View+Extensions.swift in Sources */ = {isa = PBXBuildFile; fileRef = 212C298029B7B0D3003A3E7F /* View+Extensions.swift */; };
		2137D15629A28E8900DE7F74 /* UserDefaults+Extension.swift in Sources */ = {isa = PBXBuildFile; fileRef = 2137D15529A28E8900DE7F74 /* UserDefaults+Extension.swift */; };
		2137D15929A2903B00DE7F74 /* SettingView.swift in Sources */ = {isa = PBXBuildFile; fileRef = 2137D15829A2903B00DE7F74 /* SettingView.swift */; };
		2137D15C29A553A900DE7F74 /* SearchView.swift in Sources */ = {isa = PBXBuildFile; fileRef = 2137D15B29A553A900DE7F74 /* SearchView.swift */; };
		2137D15E29A5549000DE7F74 /* SearchField.swift in Sources */ = {isa = PBXBuildFile; fileRef = 2137D15D29A5549000DE7F74 /* SearchField.swift */; };
		2137D16029A555A300DE7F74 /* FilterView.swift in Sources */ = {isa = PBXBuildFile; fileRef = 2137D15F29A555A300DE7F74 /* FilterView.swift */; };
		2137D16229A6712100DE7F74 /* result_sample.json in Resources */ = {isa = PBXBuildFile; fileRef = 2137D16129A6712100DE7F74 /* result_sample.json */; };
		2137D16429A6713C00DE7F74 /* SZISearch.swift in Sources */ = {isa = PBXBuildFile; fileRef = 2137D16329A6713C00DE7F74 /* SZISearch.swift */; };
		2137D16529A672B600DE7F74 /* SZISearch.swift in Sources */ = {isa = PBXBuildFile; fileRef = 2137D16329A6713C00DE7F74 /* SZISearch.swift */; };
		2137D16629A672B900DE7F74 /* Util.swift in Sources */ = {isa = PBXBuildFile; fileRef = 21F81A4A299FDAD80020A7A4 /* Util.swift */; };
		2137D16729A672E900DE7F74 /* result_sample.json in Resources */ = {isa = PBXBuildFile; fileRef = 2137D16129A6712100DE7F74 /* result_sample.json */; };
		2137D16829A6736C00DE7F74 /* ErrorWrapper.swift in Sources */ = {isa = PBXBuildFile; fileRef = 21F81A5929A0C09F0020A7A4 /* ErrorWrapper.swift */; };
		2137D16929A673AF00DE7F74 /* UserDefaults+Extension.swift in Sources */ = {isa = PBXBuildFile; fileRef = 2137D15529A28E8900DE7F74 /* UserDefaults+Extension.swift */; };
		2137D16C29A6748C00DE7F74 /* SearchViewModel.swift in Sources */ = {isa = PBXBuildFile; fileRef = 2137D16B29A6748C00DE7F74 /* SearchViewModel.swift */; };
		2137D18929AA860800DE7F74 /* VersRow.swift in Sources */ = {isa = PBXBuildFile; fileRef = 2137D18829AA860800DE7F74 /* VersRow.swift */; };
		2137D18B29AA879700DE7F74 /* ChapterHeader.swift in Sources */ = {isa = PBXBuildFile; fileRef = 2137D18A29AA879700DE7F74 /* ChapterHeader.swift */; };
		2137D18D29AA889300DE7F74 /* SearchHeader.swift in Sources */ = {isa = PBXBuildFile; fileRef = 2137D18C29AA889300DE7F74 /* SearchHeader.swift */; };
		2137D18F29AA893C00DE7F74 /* SearchContext.swift in Sources */ = {isa = PBXBuildFile; fileRef = 2137D18E29AA893C00DE7F74 /* SearchContext.swift */; };
		21A513A62A361D59008C32E6 /* NavigationRouter.swift in Sources */ = {isa = PBXBuildFile; fileRef = 21A513A52A361D59008C32E6 /* NavigationRouter.swift */; };
		21F81A0E299E8E590020A7A4 /* ContentView.swift in Sources */ = {isa = PBXBuildFile; fileRef = 21F81A0D299E8E590020A7A4 /* ContentView.swift */; };
		21F81A10299E8E5A0020A7A4 /* Assets.xcassets in Resources */ = {isa = PBXBuildFile; fileRef = 21F81A0F299E8E5A0020A7A4 /* Assets.xcassets */; };
		21F81A14299E8E5A0020A7A4 /* Preview Assets.xcassets in Resources */ = {isa = PBXBuildFile; fileRef = 21F81A13299E8E5A0020A7A4 /* Preview Assets.xcassets */; };
		21F81A1E299E8F950020A7A4 /* sample1.json in Resources */ = {isa = PBXBuildFile; fileRef = 21F81A1A299E8F950020A7A4 /* sample1.json */; };
		21F81A1F299E8F950020A7A4 /* sample2.json in Resources */ = {isa = PBXBuildFile; fileRef = 21F81A1B299E8F950020A7A4 /* sample2.json */; };
		21F81A20299E8F950020A7A4 /* sample3.json in Resources */ = {isa = PBXBuildFile; fileRef = 21F81A1C299E8F950020A7A4 /* sample3.json */; };
		21F81A21299E8F950020A7A4 /* sample4.json in Resources */ = {isa = PBXBuildFile; fileRef = 21F81A1D299E8F950020A7A4 /* sample4.json */; };
		21F81A24299E8FE00020A7A4 /* SzentirasApp.swift in Sources */ = {isa = PBXBuildFile; fileRef = 21F81A23299E8FE00020A7A4 /* SzentirasApp.swift */; };
		21F81A31299E901D0020A7A4 /* Book.swift in Sources */ = {isa = PBXBuildFile; fileRef = 21F81A26299E901D0020A7A4 /* Book.swift */; };
		21F81A32299E901D0020A7A4 /* Énekek8.json in Resources */ = {isa = PBXBuildFile; fileRef = 21F81A28299E901D0020A7A4 /* Énekek8.json */; };
		21F81A33299E901D0020A7A4 /* Énekek4.json in Resources */ = {isa = PBXBuildFile; fileRef = 21F81A29299E901D0020A7A4 /* Énekek4.json */; };
		21F81A34299E901D0020A7A4 /* Énekek5.json in Resources */ = {isa = PBXBuildFile; fileRef = 21F81A2A299E901D0020A7A4 /* Énekek5.json */; };
		21F81A35299E901D0020A7A4 /* Énekek2.json in Resources */ = {isa = PBXBuildFile; fileRef = 21F81A2B299E901D0020A7A4 /* Énekek2.json */; };
		21F81A36299E901D0020A7A4 /* Énekek3.json in Resources */ = {isa = PBXBuildFile; fileRef = 21F81A2C299E901D0020A7A4 /* Énekek3.json */; };
		21F81A37299E901D0020A7A4 /* Énekek1.json in Resources */ = {isa = PBXBuildFile; fileRef = 21F81A2D299E901D0020A7A4 /* Énekek1.json */; };
		21F81A38299E901D0020A7A4 /* Énekek6.json in Resources */ = {isa = PBXBuildFile; fileRef = 21F81A2E299E901D0020A7A4 /* Énekek6.json */; };
		21F81A39299E901D0020A7A4 /* Énekek7.json in Resources */ = {isa = PBXBuildFile; fileRef = 21F81A2F299E901D0020A7A4 /* Énekek7.json */; };
		21F81A3A299E901D0020A7A4 /* SZIResponse.swift in Sources */ = {isa = PBXBuildFile; fileRef = 21F81A30299E901D0020A7A4 /* SZIResponse.swift */; };
		21F81A3D299E90690020A7A4 /* Extensions.swift in Sources */ = {isa = PBXBuildFile; fileRef = 21F81A3C299E90690020A7A4 /* Extensions.swift */; };
		21F81A3F299E90990020A7A4 /* BookList.swift in Sources */ = {isa = PBXBuildFile; fileRef = 21F81A3E299E90990020A7A4 /* BookList.swift */; };
		21F81A45299E94F50020A7A4 /* ChapterNumberList.swift in Sources */ = {isa = PBXBuildFile; fileRef = 21F81A44299E94F50020A7A4 /* ChapterNumberList.swift */; };
		21F81A47299E977E0020A7A4 /* ButtonText.swift in Sources */ = {isa = PBXBuildFile; fileRef = 21F81A46299E977E0020A7A4 /* ButtonText.swift */; };
		21F81A49299FDAA90020A7A4 /* ChapterView.swift in Sources */ = {isa = PBXBuildFile; fileRef = 21F81A48299FDAA90020A7A4 /* ChapterView.swift */; };
		21F81A4B299FDAD80020A7A4 /* Util.swift in Sources */ = {isa = PBXBuildFile; fileRef = 21F81A4A299FDAD80020A7A4 /* Util.swift */; };
		21F81A50299FE08C0020A7A4 /* ChapterViewModel.swift in Sources */ = {isa = PBXBuildFile; fileRef = 21F81A4F299FE08C0020A7A4 /* ChapterViewModel.swift */; };
		21F81A5529A0C0730020A7A4 /* Networkable.swift in Sources */ = {isa = PBXBuildFile; fileRef = 21F81A5429A0C0730020A7A4 /* Networkable.swift */; };
		21F81A5729A0C0810020A7A4 /* Resource.swift in Sources */ = {isa = PBXBuildFile; fileRef = 21F81A5629A0C0810020A7A4 /* Resource.swift */; };
		21F81A5A29A0C09F0020A7A4 /* APIError.swift in Sources */ = {isa = PBXBuildFile; fileRef = 21F81A5829A0C09F0020A7A4 /* APIError.swift */; };
		21F81A5B29A0C09F0020A7A4 /* ErrorWrapper.swift in Sources */ = {isa = PBXBuildFile; fileRef = 21F81A5929A0C09F0020A7A4 /* ErrorWrapper.swift */; };
		21F81A5D29A0C0EF0020A7A4 /* Endpoints.swift in Sources */ = {isa = PBXBuildFile; fileRef = 21F81A5C29A0C0EF0020A7A4 /* Endpoints.swift */; };
		21F81A5F29A0C28E0020A7A4 /* NetworkService.swift in Sources */ = {isa = PBXBuildFile; fileRef = 21F81A5E29A0C28E0020A7A4 /* NetworkService.swift */; };
		21F81A6729A0C7180020A7A4 /* Szentiras_Tests.swift in Sources */ = {isa = PBXBuildFile; fileRef = 21F81A6629A0C7180020A7A4 /* Szentiras_Tests.swift */; };
		21F81A6D29A0C7CF0020A7A4 /* APIError.swift in Sources */ = {isa = PBXBuildFile; fileRef = 21F81A5829A0C09F0020A7A4 /* APIError.swift */; };
		21F81A6E29A0C7D80020A7A4 /* Resource.swift in Sources */ = {isa = PBXBuildFile; fileRef = 21F81A5629A0C0810020A7A4 /* Resource.swift */; };
		21F81A6F29A0C7DB0020A7A4 /* Networkable.swift in Sources */ = {isa = PBXBuildFile; fileRef = 21F81A5429A0C0730020A7A4 /* Networkable.swift */; };
		21F81A7029A0C7DD0020A7A4 /* Endpoints.swift in Sources */ = {isa = PBXBuildFile; fileRef = 21F81A5C29A0C0EF0020A7A4 /* Endpoints.swift */; };
		21F81A7129A0C7E00020A7A4 /* NetworkService.swift in Sources */ = {isa = PBXBuildFile; fileRef = 21F81A5E29A0C28E0020A7A4 /* NetworkService.swift */; };
		21F81A7229A0C8650020A7A4 /* SZIResponse.swift in Sources */ = {isa = PBXBuildFile; fileRef = 21F81A30299E901D0020A7A4 /* SZIResponse.swift */; };
		21F81A7329A0C8680020A7A4 /* Book.swift in Sources */ = {isa = PBXBuildFile; fileRef = 21F81A26299E901D0020A7A4 /* Book.swift */; };
		21F81A7429A0C8A90020A7A4 /* Extensions.swift in Sources */ = {isa = PBXBuildFile; fileRef = 21F81A3C299E90690020A7A4 /* Extensions.swift */; };
		21F81A7729A0CA980020A7A4 /* LoggerKit in Frameworks */ = {isa = PBXBuildFile; productRef = 21F81A7629A0CA980020A7A4 /* LoggerKit */; };
		21F81A7929A0EF680020A7A4 /* AppState.swift in Sources */ = {isa = PBXBuildFile; fileRef = 21F81A7829A0EF680020A7A4 /* AppState.swift */; };
		21F81A7D29A1098A0020A7A4 /* TranslationList.swift in Sources */ = {isa = PBXBuildFile; fileRef = 21F81A7C29A1098A0020A7A4 /* TranslationList.swift */; };
		21F81A7F29A10C500020A7A4 /* MockService.swift in Sources */ = {isa = PBXBuildFile; fileRef = 21F81A7E29A10C500020A7A4 /* MockService.swift */; };
		21F81A8629A11AC30020A7A4 /* LaunchScreen.swift in Sources */ = {isa = PBXBuildFile; fileRef = 21F81A8529A11AC30020A7A4 /* LaunchScreen.swift */; };
/* End PBXBuildFile section */

/* Begin PBXContainerItemProxy section */
		21F81A6829A0C7180020A7A4 /* PBXContainerItemProxy */ = {
			isa = PBXContainerItemProxy;
			containerPortal = 21F81A00299E8E590020A7A4 /* Project object */;
			proxyType = 1;
			remoteGlobalIDString = 21F81A07299E8E590020A7A4;
			remoteInfo = Szentiras_latest;
		};
/* End PBXContainerItemProxy section */

/* Begin PBXFileReference section */
		212C298029B7B0D3003A3E7F /* View+Extensions.swift */ = {isa = PBXFileReference; lastKnownFileType = sourcecode.swift; path = "View+Extensions.swift"; sourceTree = "<group>"; };
		2137D15529A28E8900DE7F74 /* UserDefaults+Extension.swift */ = {isa = PBXFileReference; lastKnownFileType = sourcecode.swift; path = "UserDefaults+Extension.swift"; sourceTree = "<group>"; };
		2137D15829A2903B00DE7F74 /* SettingView.swift */ = {isa = PBXFileReference; lastKnownFileType = sourcecode.swift; path = SettingView.swift; sourceTree = "<group>"; };
		2137D15B29A553A900DE7F74 /* SearchView.swift */ = {isa = PBXFileReference; lastKnownFileType = sourcecode.swift; path = SearchView.swift; sourceTree = "<group>"; };
		2137D15D29A5549000DE7F74 /* SearchField.swift */ = {isa = PBXFileReference; fileEncoding = 4; lastKnownFileType = sourcecode.swift; path = SearchField.swift; sourceTree = "<group>"; };
		2137D15F29A555A300DE7F74 /* FilterView.swift */ = {isa = PBXFileReference; lastKnownFileType = sourcecode.swift; path = FilterView.swift; sourceTree = "<group>"; };
		2137D16129A6712100DE7F74 /* result_sample.json */ = {isa = PBXFileReference; lastKnownFileType = text.json; path = result_sample.json; sourceTree = "<group>"; };
		2137D16329A6713C00DE7F74 /* SZISearch.swift */ = {isa = PBXFileReference; lastKnownFileType = sourcecode.swift; path = SZISearch.swift; sourceTree = "<group>"; };
		2137D16B29A6748C00DE7F74 /* SearchViewModel.swift */ = {isa = PBXFileReference; lastKnownFileType = sourcecode.swift; path = SearchViewModel.swift; sourceTree = "<group>"; };
		2137D18829AA860800DE7F74 /* VersRow.swift */ = {isa = PBXFileReference; lastKnownFileType = sourcecode.swift; path = VersRow.swift; sourceTree = "<group>"; };
		2137D18A29AA879700DE7F74 /* ChapterHeader.swift */ = {isa = PBXFileReference; lastKnownFileType = sourcecode.swift; path = ChapterHeader.swift; sourceTree = "<group>"; };
		2137D18C29AA889300DE7F74 /* SearchHeader.swift */ = {isa = PBXFileReference; lastKnownFileType = sourcecode.swift; path = SearchHeader.swift; sourceTree = "<group>"; };
		2137D18E29AA893C00DE7F74 /* SearchContext.swift */ = {isa = PBXFileReference; lastKnownFileType = sourcecode.swift; path = SearchContext.swift; sourceTree = "<group>"; };
		21A513A52A361D59008C32E6 /* NavigationRouter.swift */ = {isa = PBXFileReference; lastKnownFileType = sourcecode.swift; path = NavigationRouter.swift; sourceTree = "<group>"; };
		21F81A08299E8E590020A7A4 /* Szentiras.app */ = {isa = PBXFileReference; explicitFileType = wrapper.application; includeInIndex = 0; path = Szentiras.app; sourceTree = BUILT_PRODUCTS_DIR; };
		21F81A0D299E8E590020A7A4 /* ContentView.swift */ = {isa = PBXFileReference; lastKnownFileType = sourcecode.swift; path = ContentView.swift; sourceTree = "<group>"; };
		21F81A0F299E8E5A0020A7A4 /* Assets.xcassets */ = {isa = PBXFileReference; lastKnownFileType = folder.assetcatalog; path = Assets.xcassets; sourceTree = "<group>"; };
		21F81A11299E8E5A0020A7A4 /* Szentiras_latest.entitlements */ = {isa = PBXFileReference; lastKnownFileType = text.plist.entitlements; path = Szentiras_latest.entitlements; sourceTree = "<group>"; };
		21F81A13299E8E5A0020A7A4 /* Preview Assets.xcassets */ = {isa = PBXFileReference; lastKnownFileType = folder.assetcatalog; path = "Preview Assets.xcassets"; sourceTree = "<group>"; };
		21F81A1A299E8F950020A7A4 /* sample1.json */ = {isa = PBXFileReference; fileEncoding = 4; lastKnownFileType = text.json; path = sample1.json; sourceTree = "<group>"; };
		21F81A1B299E8F950020A7A4 /* sample2.json */ = {isa = PBXFileReference; fileEncoding = 4; lastKnownFileType = text.json; path = sample2.json; sourceTree = "<group>"; };
		21F81A1C299E8F950020A7A4 /* sample3.json */ = {isa = PBXFileReference; fileEncoding = 4; lastKnownFileType = text.json; path = sample3.json; sourceTree = "<group>"; };
		21F81A1D299E8F950020A7A4 /* sample4.json */ = {isa = PBXFileReference; fileEncoding = 4; lastKnownFileType = text.json; path = sample4.json; sourceTree = "<group>"; };
		21F81A23299E8FE00020A7A4 /* SzentirasApp.swift */ = {isa = PBXFileReference; fileEncoding = 4; lastKnownFileType = sourcecode.swift; path = SzentirasApp.swift; sourceTree = "<group>"; };
		21F81A26299E901D0020A7A4 /* Book.swift */ = {isa = PBXFileReference; fileEncoding = 4; lastKnownFileType = sourcecode.swift; path = Book.swift; sourceTree = "<group>"; };
		21F81A28299E901D0020A7A4 /* Énekek8.json */ = {isa = PBXFileReference; fileEncoding = 4; lastKnownFileType = text.json; path = "Énekek8.json"; sourceTree = "<group>"; };
		21F81A29299E901D0020A7A4 /* Énekek4.json */ = {isa = PBXFileReference; fileEncoding = 4; lastKnownFileType = text.json; path = "Énekek4.json"; sourceTree = "<group>"; };
		21F81A2A299E901D0020A7A4 /* Énekek5.json */ = {isa = PBXFileReference; fileEncoding = 4; lastKnownFileType = text.json; path = "Énekek5.json"; sourceTree = "<group>"; };
		21F81A2B299E901D0020A7A4 /* Énekek2.json */ = {isa = PBXFileReference; fileEncoding = 4; lastKnownFileType = text.json; path = "Énekek2.json"; sourceTree = "<group>"; };
		21F81A2C299E901D0020A7A4 /* Énekek3.json */ = {isa = PBXFileReference; fileEncoding = 4; lastKnownFileType = text.json; path = "Énekek3.json"; sourceTree = "<group>"; };
		21F81A2D299E901D0020A7A4 /* Énekek1.json */ = {isa = PBXFileReference; fileEncoding = 4; lastKnownFileType = text.json; path = "Énekek1.json"; sourceTree = "<group>"; };
		21F81A2E299E901D0020A7A4 /* Énekek6.json */ = {isa = PBXFileReference; fileEncoding = 4; lastKnownFileType = text.json; path = "Énekek6.json"; sourceTree = "<group>"; };
		21F81A2F299E901D0020A7A4 /* Énekek7.json */ = {isa = PBXFileReference; fileEncoding = 4; lastKnownFileType = text.json; path = "Énekek7.json"; sourceTree = "<group>"; };
		21F81A30299E901D0020A7A4 /* SZIResponse.swift */ = {isa = PBXFileReference; fileEncoding = 4; lastKnownFileType = sourcecode.swift; path = SZIResponse.swift; sourceTree = "<group>"; };
		21F81A3C299E90690020A7A4 /* Extensions.swift */ = {isa = PBXFileReference; fileEncoding = 4; lastKnownFileType = sourcecode.swift; path = Extensions.swift; sourceTree = "<group>"; };
		21F81A3E299E90990020A7A4 /* BookList.swift */ = {isa = PBXFileReference; fileEncoding = 4; lastKnownFileType = sourcecode.swift; path = BookList.swift; sourceTree = "<group>"; };
		21F81A44299E94F50020A7A4 /* ChapterNumberList.swift */ = {isa = PBXFileReference; lastKnownFileType = sourcecode.swift; path = ChapterNumberList.swift; sourceTree = "<group>"; };
		21F81A46299E977E0020A7A4 /* ButtonText.swift */ = {isa = PBXFileReference; lastKnownFileType = sourcecode.swift; path = ButtonText.swift; sourceTree = "<group>"; };
		21F81A48299FDAA90020A7A4 /* ChapterView.swift */ = {isa = PBXFileReference; lastKnownFileType = sourcecode.swift; path = ChapterView.swift; sourceTree = "<group>"; };
		21F81A4A299FDAD80020A7A4 /* Util.swift */ = {isa = PBXFileReference; fileEncoding = 4; lastKnownFileType = sourcecode.swift; path = Util.swift; sourceTree = "<group>"; };
		21F81A4F299FE08C0020A7A4 /* ChapterViewModel.swift */ = {isa = PBXFileReference; lastKnownFileType = sourcecode.swift; path = ChapterViewModel.swift; sourceTree = "<group>"; };
		21F81A5429A0C0730020A7A4 /* Networkable.swift */ = {isa = PBXFileReference; fileEncoding = 4; lastKnownFileType = sourcecode.swift; path = Networkable.swift; sourceTree = "<group>"; };
		21F81A5629A0C0810020A7A4 /* Resource.swift */ = {isa = PBXFileReference; fileEncoding = 4; lastKnownFileType = sourcecode.swift; path = Resource.swift; sourceTree = "<group>"; };
		21F81A5829A0C09F0020A7A4 /* APIError.swift */ = {isa = PBXFileReference; fileEncoding = 4; lastKnownFileType = sourcecode.swift; path = APIError.swift; sourceTree = "<group>"; };
		21F81A5929A0C09F0020A7A4 /* ErrorWrapper.swift */ = {isa = PBXFileReference; fileEncoding = 4; lastKnownFileType = sourcecode.swift; path = ErrorWrapper.swift; sourceTree = "<group>"; };
		21F81A5C29A0C0EF0020A7A4 /* Endpoints.swift */ = {isa = PBXFileReference; lastKnownFileType = sourcecode.swift; path = Endpoints.swift; sourceTree = "<group>"; };
		21F81A5E29A0C28E0020A7A4 /* NetworkService.swift */ = {isa = PBXFileReference; lastKnownFileType = sourcecode.swift; path = NetworkService.swift; sourceTree = "<group>"; };
		21F81A6429A0C7180020A7A4 /* Szentiras_Tests.xctest */ = {isa = PBXFileReference; explicitFileType = wrapper.cfbundle; includeInIndex = 0; path = Szentiras_Tests.xctest; sourceTree = BUILT_PRODUCTS_DIR; };
		21F81A6629A0C7180020A7A4 /* Szentiras_Tests.swift */ = {isa = PBXFileReference; lastKnownFileType = sourcecode.swift; path = Szentiras_Tests.swift; sourceTree = "<group>"; };
		21F81A7829A0EF680020A7A4 /* AppState.swift */ = {isa = PBXFileReference; lastKnownFileType = sourcecode.swift; path = AppState.swift; sourceTree = "<group>"; };
		21F81A7C29A1098A0020A7A4 /* TranslationList.swift */ = {isa = PBXFileReference; lastKnownFileType = sourcecode.swift; path = TranslationList.swift; sourceTree = "<group>"; };
		21F81A7E29A10C500020A7A4 /* MockService.swift */ = {isa = PBXFileReference; lastKnownFileType = sourcecode.swift; path = MockService.swift; sourceTree = "<group>"; };
		21F81A8529A11AC30020A7A4 /* LaunchScreen.swift */ = {isa = PBXFileReference; lastKnownFileType = sourcecode.swift; path = LaunchScreen.swift; sourceTree = "<group>"; };
		21F81A8929A123D90020A7A4 /* Szentiras-latest-Info.plist */ = {isa = PBXFileReference; lastKnownFileType = text.plist; path = "Szentiras-latest-Info.plist"; sourceTree = SOURCE_ROOT; };
/* End PBXFileReference section */

/* Begin PBXFrameworksBuildPhase section */
		21F81A05299E8E590020A7A4 /* Frameworks */ = {
			isa = PBXFrameworksBuildPhase;
			buildActionMask = 2147483647;
			files = (
				21F81A7729A0CA980020A7A4 /* LoggerKit in Frameworks */,
			);
			runOnlyForDeploymentPostprocessing = 0;
		};
		21F81A6129A0C7180020A7A4 /* Frameworks */ = {
			isa = PBXFrameworksBuildPhase;
			buildActionMask = 2147483647;
			files = (
			);
			runOnlyForDeploymentPostprocessing = 0;
		};
/* End PBXFrameworksBuildPhase section */

/* Begin PBXGroup section */
		2137D15729A2902E00DE7F74 /* Settings */ = {
			isa = PBXGroup;
			children = (
				2137D15829A2903B00DE7F74 /* SettingView.swift */,
			);
			path = Settings;
			sourceTree = "<group>";
		};
		2137D15A29A5535D00DE7F74 /* Search */ = {
			isa = PBXGroup;
			children = (
				2137D16A29A6748200DE7F74 /* ViewModel */,
				2137D15B29A553A900DE7F74 /* SearchView.swift */,
				2137D18E29AA893C00DE7F74 /* SearchContext.swift */,
				2137D18C29AA889300DE7F74 /* SearchHeader.swift */,
				2137D15D29A5549000DE7F74 /* SearchField.swift */,
				2137D15F29A555A300DE7F74 /* FilterView.swift */,
			);
			path = Search;
			sourceTree = "<group>";
		};
		2137D16A29A6748200DE7F74 /* ViewModel */ = {
			isa = PBXGroup;
			children = (
				2137D16B29A6748C00DE7F74 /* SearchViewModel.swift */,
			);
			path = ViewModel;
			sourceTree = "<group>";
		};
		2137D18729AA85B300DE7F74 /* Common Views */ = {
			isa = PBXGroup;
			children = (
				21F81A46299E977E0020A7A4 /* ButtonText.swift */,
				2137D18829AA860800DE7F74 /* VersRow.swift */,
				2137D18A29AA879700DE7F74 /* ChapterHeader.swift */,
			);
			path = "Common Views";
			sourceTree = "<group>";
		};
		21F819FF299E8E590020A7A4 = {
			isa = PBXGroup;
			children = (
				21F81A0A299E8E590020A7A4 /* Szentiras_latest */,
				21F81A6529A0C7180020A7A4 /* Szentiras_Tests */,
				21F81A09299E8E590020A7A4 /* Products */,
			);
			sourceTree = "<group>";
		};
		21F81A09299E8E590020A7A4 /* Products */ = {
			isa = PBXGroup;
			children = (
				21F81A08299E8E590020A7A4 /* Szentiras.app */,
				21F81A6429A0C7180020A7A4 /* Szentiras_Tests.xctest */,
			);
			name = Products;
			sourceTree = "<group>";
		};
		21F81A0A299E8E590020A7A4 /* Szentiras_latest */ = {
			isa = PBXGroup;
			children = (
				21F81A8929A123D90020A7A4 /* Szentiras-latest-Info.plist */,
				21F81A5329A0C0600020A7A4 /* Network */,
				21F81A4D299FDAE20020A7A4 /* API */,
				21F81A3B299E90690020A7A4 /* Extension */,
				21F81A25299E901D0020A7A4 /* Model */,
				21F81A22299E8FA70020A7A4 /* Screens */,
				21F81A0D299E8E590020A7A4 /* ContentView.swift */,
				21A513A52A361D59008C32E6 /* NavigationRouter.swift */,
				21F81A7829A0EF680020A7A4 /* AppState.swift */,
				21F81A23299E8FE00020A7A4 /* SzentirasApp.swift */,
				21F81A8529A11AC30020A7A4 /* LaunchScreen.swift */,
				21F81A0F299E8E5A0020A7A4 /* Assets.xcassets */,
				21F81A11299E8E5A0020A7A4 /* Szentiras_latest.entitlements */,
				21F81A12299E8E5A0020A7A4 /* Preview Content */,
			);
			path = Szentiras_latest;
			sourceTree = "<group>";
		};
		21F81A12299E8E5A0020A7A4 /* Preview Content */ = {
			isa = PBXGroup;
			children = (
				21F81A13299E8E5A0020A7A4 /* Preview Assets.xcassets */,
				21F81A1A299E8F950020A7A4 /* sample1.json */,
				21F81A1B299E8F950020A7A4 /* sample2.json */,
				21F81A1C299E8F950020A7A4 /* sample3.json */,
				21F81A1D299E8F950020A7A4 /* sample4.json */,
				2137D16129A6712100DE7F74 /* result_sample.json */,
			);
			path = "Preview Content";
			sourceTree = "<group>";
		};
		21F81A22299E8FA70020A7A4 /* Screens */ = {
			isa = PBXGroup;
			children = (
				2137D18729AA85B300DE7F74 /* Common Views */,
				2137D15A29A5535D00DE7F74 /* Search */,
				2137D15729A2902E00DE7F74 /* Settings */,
				21F81A42299E90AB0020A7A4 /* Home */,
			);
			path = Screens;
			sourceTree = "<group>";
		};
		21F81A25299E901D0020A7A4 /* Model */ = {
			isa = PBXGroup;
			children = (
				21F81A27299E901D0020A7A4 /* Énekek */,
				21F81A26299E901D0020A7A4 /* Book.swift */,
				21F81A30299E901D0020A7A4 /* SZIResponse.swift */,
				2137D16329A6713C00DE7F74 /* SZISearch.swift */,
			);
			path = Model;
			sourceTree = "<group>";
		};
		21F81A27299E901D0020A7A4 /* Énekek */ = {
			isa = PBXGroup;
			children = (
				21F81A28299E901D0020A7A4 /* Énekek8.json */,
				21F81A29299E901D0020A7A4 /* Énekek4.json */,
				21F81A2A299E901D0020A7A4 /* Énekek5.json */,
				21F81A2B299E901D0020A7A4 /* Énekek2.json */,
				21F81A2C299E901D0020A7A4 /* Énekek3.json */,
				21F81A2D299E901D0020A7A4 /* Énekek1.json */,
				21F81A2E299E901D0020A7A4 /* Énekek6.json */,
				21F81A2F299E901D0020A7A4 /* Énekek7.json */,
			);
			path = "Énekek";
			sourceTree = "<group>";
		};
		21F81A3B299E90690020A7A4 /* Extension */ = {
			isa = PBXGroup;
			children = (
				21F81A3C299E90690020A7A4 /* Extensions.swift */,
				2137D15529A28E8900DE7F74 /* UserDefaults+Extension.swift */,
				212C298029B7B0D3003A3E7F /* View+Extensions.swift */,
			);
			path = Extension;
			sourceTree = "<group>";
		};
		21F81A42299E90AB0020A7A4 /* Home */ = {
			isa = PBXGroup;
			children = (
				21F81A4E299FE0780020A7A4 /* ViewModels */,
				21F81A43299E90B30020A7A4 /* Views */,
			);
			path = Home;
			sourceTree = "<group>";
		};
		21F81A43299E90B30020A7A4 /* Views */ = {
			isa = PBXGroup;
			children = (
				21F81A3E299E90990020A7A4 /* BookList.swift */,
				21F81A44299E94F50020A7A4 /* ChapterNumberList.swift */,
				21F81A48299FDAA90020A7A4 /* ChapterView.swift */,
				21F81A7C29A1098A0020A7A4 /* TranslationList.swift */,
			);
			path = Views;
			sourceTree = "<group>";
		};
		21F81A4D299FDAE20020A7A4 /* API */ = {
			isa = PBXGroup;
			children = (
				21F81A4A299FDAD80020A7A4 /* Util.swift */,
				21F81A5C29A0C0EF0020A7A4 /* Endpoints.swift */,
				21F81A5E29A0C28E0020A7A4 /* NetworkService.swift */,
				21F81A7E29A10C500020A7A4 /* MockService.swift */,
			);
			path = API;
			sourceTree = "<group>";
		};
		21F81A4E299FE0780020A7A4 /* ViewModels */ = {
			isa = PBXGroup;
			children = (
				21F81A4F299FE08C0020A7A4 /* ChapterViewModel.swift */,
			);
			path = ViewModels;
			sourceTree = "<group>";
		};
		21F81A5329A0C0600020A7A4 /* Network */ = {
			isa = PBXGroup;
			children = (
				21F81A5829A0C09F0020A7A4 /* APIError.swift */,
				21F81A5929A0C09F0020A7A4 /* ErrorWrapper.swift */,
				21F81A5629A0C0810020A7A4 /* Resource.swift */,
				21F81A5429A0C0730020A7A4 /* Networkable.swift */,
			);
			path = Network;
			sourceTree = "<group>";
		};
		21F81A6529A0C7180020A7A4 /* Szentiras_Tests */ = {
			isa = PBXGroup;
			children = (
				21F81A6629A0C7180020A7A4 /* Szentiras_Tests.swift */,
			);
			path = Szentiras_Tests;
			sourceTree = "<group>";
		};
/* End PBXGroup section */

/* Begin PBXNativeTarget section */
		21F81A07299E8E590020A7A4 /* Szentiras */ = {
			isa = PBXNativeTarget;
			buildConfigurationList = 21F81A17299E8E5A0020A7A4 /* Build configuration list for PBXNativeTarget "Szentiras" */;
			buildPhases = (
				21F81A04299E8E590020A7A4 /* Sources */,
				21F81A05299E8E590020A7A4 /* Frameworks */,
				21F81A06299E8E590020A7A4 /* Resources */,
			);
			buildRules = (
			);
			dependencies = (
			);
			name = Szentiras;
			packageProductDependencies = (
				21F81A7629A0CA980020A7A4 /* LoggerKit */,
			);
			productName = Szentiras_latest;
			productReference = 21F81A08299E8E590020A7A4 /* Szentiras.app */;
			productType = "com.apple.product-type.application";
		};
		21F81A6329A0C7180020A7A4 /* Szentiras_Tests */ = {
			isa = PBXNativeTarget;
			buildConfigurationList = 21F81A6A29A0C7180020A7A4 /* Build configuration list for PBXNativeTarget "Szentiras_Tests" */;
			buildPhases = (
				21F81A6029A0C7180020A7A4 /* Sources */,
				21F81A6129A0C7180020A7A4 /* Frameworks */,
				21F81A6229A0C7180020A7A4 /* Resources */,
			);
			buildRules = (
			);
			dependencies = (
				21F81A6929A0C7180020A7A4 /* PBXTargetDependency */,
			);
			name = Szentiras_Tests;
			productName = Szentiras_Tests;
			productReference = 21F81A6429A0C7180020A7A4 /* Szentiras_Tests.xctest */;
			productType = "com.apple.product-type.bundle.unit-test";
		};
/* End PBXNativeTarget section */

/* Begin PBXProject section */
		21F81A00299E8E590020A7A4 /* Project object */ = {
			isa = PBXProject;
			attributes = {
				BuildIndependentTargetsInParallel = 1;
				LastSwiftUpdateCheck = 1420;
				LastUpgradeCheck = 1420;
				TargetAttributes = {
					21F81A07299E8E590020A7A4 = {
						CreatedOnToolsVersion = 14.2;
					};
					21F81A6329A0C7180020A7A4 = {
						CreatedOnToolsVersion = 14.2;
						TestTargetID = 21F81A07299E8E590020A7A4;
					};
				};
			};
			buildConfigurationList = 21F81A03299E8E590020A7A4 /* Build configuration list for PBXProject "Szentiras" */;
			compatibilityVersion = "Xcode 14.0";
			developmentRegion = en;
			hasScannedForEncodings = 0;
			knownRegions = (
				en,
				Base,
			);
			mainGroup = 21F819FF299E8E590020A7A4;
			packageReferences = (
				21F81A7529A0CA980020A7A4 /* XCRemoteSwiftPackageReference "LoggerKit" */,
			);
			productRefGroup = 21F81A09299E8E590020A7A4 /* Products */;
			projectDirPath = "";
			projectRoot = "";
			targets = (
				21F81A07299E8E590020A7A4 /* Szentiras */,
				21F81A6329A0C7180020A7A4 /* Szentiras_Tests */,
			);
		};
/* End PBXProject section */

/* Begin PBXResourcesBuildPhase section */
		21F81A06299E8E590020A7A4 /* Resources */ = {
			isa = PBXResourcesBuildPhase;
			buildActionMask = 2147483647;
			files = (
				21F81A1F299E8F950020A7A4 /* sample2.json in Resources */,
				21F81A20299E8F950020A7A4 /* sample3.json in Resources */,
				21F81A37299E901D0020A7A4 /* Énekek1.json in Resources */,
				21F81A21299E8F950020A7A4 /* sample4.json in Resources */,
				21F81A38299E901D0020A7A4 /* Énekek6.json in Resources */,
				21F81A14299E8E5A0020A7A4 /* Preview Assets.xcassets in Resources */,
				21F81A39299E901D0020A7A4 /* Énekek7.json in Resources */,
				21F81A32299E901D0020A7A4 /* Énekek8.json in Resources */,
				21F81A35299E901D0020A7A4 /* Énekek2.json in Resources */,
				2137D16229A6712100DE7F74 /* result_sample.json in Resources */,
				21F81A36299E901D0020A7A4 /* Énekek3.json in Resources */,
				21F81A34299E901D0020A7A4 /* Énekek5.json in Resources */,
				21F81A33299E901D0020A7A4 /* Énekek4.json in Resources */,
				21F81A10299E8E5A0020A7A4 /* Assets.xcassets in Resources */,
				21F81A1E299E8F950020A7A4 /* sample1.json in Resources */,
			);
			runOnlyForDeploymentPostprocessing = 0;
		};
		21F81A6229A0C7180020A7A4 /* Resources */ = {
			isa = PBXResourcesBuildPhase;
			buildActionMask = 2147483647;
			files = (
				2137D16729A672E900DE7F74 /* result_sample.json in Resources */,
			);
			runOnlyForDeploymentPostprocessing = 0;
		};
/* End PBXResourcesBuildPhase section */

/* Begin PBXSourcesBuildPhase section */
		21F81A04299E8E590020A7A4 /* Sources */ = {
			isa = PBXSourcesBuildPhase;
			buildActionMask = 2147483647;
			files = (
				21F81A5729A0C0810020A7A4 /* Resource.swift in Sources */,
				21F81A3F299E90990020A7A4 /* BookList.swift in Sources */,
				2137D16429A6713C00DE7F74 /* SZISearch.swift in Sources */,
				21F81A8629A11AC30020A7A4 /* LaunchScreen.swift in Sources */,
				21F81A7F29A10C500020A7A4 /* MockService.swift in Sources */,
				21F81A3D299E90690020A7A4 /* Extensions.swift in Sources */,
				21F81A7929A0EF680020A7A4 /* AppState.swift in Sources */,
				21F81A5B29A0C09F0020A7A4 /* ErrorWrapper.swift in Sources */,
				21A513A62A361D59008C32E6 /* NavigationRouter.swift in Sources */,
				21F81A49299FDAA90020A7A4 /* ChapterView.swift in Sources */,
				21F81A0E299E8E590020A7A4 /* ContentView.swift in Sources */,
				21F81A3A299E901D0020A7A4 /* SZIResponse.swift in Sources */,
				2137D15E29A5549000DE7F74 /* SearchField.swift in Sources */,
				2137D18D29AA889300DE7F74 /* SearchHeader.swift in Sources */,
				21F81A50299FE08C0020A7A4 /* ChapterViewModel.swift in Sources */,
				21F81A47299E977E0020A7A4 /* ButtonText.swift in Sources */,
				21F81A24299E8FE00020A7A4 /* SzentirasApp.swift in Sources */,
				21F81A7D29A1098A0020A7A4 /* TranslationList.swift in Sources */,
				21F81A4B299FDAD80020A7A4 /* Util.swift in Sources */,
				2137D18B29AA879700DE7F74 /* ChapterHeader.swift in Sources */,
				2137D15C29A553A900DE7F74 /* SearchView.swift in Sources */,
				2137D16C29A6748C00DE7F74 /* SearchViewModel.swift in Sources */,
				2137D15629A28E8900DE7F74 /* UserDefaults+Extension.swift in Sources */,
				21F81A31299E901D0020A7A4 /* Book.swift in Sources */,
				21F81A5529A0C0730020A7A4 /* Networkable.swift in Sources */,
				212C298129B7B0D3003A3E7F /* View+Extensions.swift in Sources */,
				21F81A45299E94F50020A7A4 /* ChapterNumberList.swift in Sources */,
				2137D16029A555A300DE7F74 /* FilterView.swift in Sources */,
				2137D18929AA860800DE7F74 /* VersRow.swift in Sources */,
				21F81A5D29A0C0EF0020A7A4 /* Endpoints.swift in Sources */,
				21F81A5F29A0C28E0020A7A4 /* NetworkService.swift in Sources */,
				2137D15929A2903B00DE7F74 /* SettingView.swift in Sources */,
				2137D18F29AA893C00DE7F74 /* SearchContext.swift in Sources */,
				21F81A5A29A0C09F0020A7A4 /* APIError.swift in Sources */,
			);
			runOnlyForDeploymentPostprocessing = 0;
		};
		21F81A6029A0C7180020A7A4 /* Sources */ = {
			isa = PBXSourcesBuildPhase;
			buildActionMask = 2147483647;
			files = (
				2137D16829A6736C00DE7F74 /* ErrorWrapper.swift in Sources */,
				2137D16629A672B900DE7F74 /* Util.swift in Sources */,
				21F81A7329A0C8680020A7A4 /* Book.swift in Sources */,
				21F81A7429A0C8A90020A7A4 /* Extensions.swift in Sources */,
				21F81A6E29A0C7D80020A7A4 /* Resource.swift in Sources */,
				21F81A6729A0C7180020A7A4 /* Szentiras_Tests.swift in Sources */,
				21F81A6F29A0C7DB0020A7A4 /* Networkable.swift in Sources */,
				21F81A7229A0C8650020A7A4 /* SZIResponse.swift in Sources */,
				21F81A6D29A0C7CF0020A7A4 /* APIError.swift in Sources */,
				2137D16929A673AF00DE7F74 /* UserDefaults+Extension.swift in Sources */,
				212C298229B7B0D3003A3E7F /* View+Extensions.swift in Sources */,
				21F81A7129A0C7E00020A7A4 /* NetworkService.swift in Sources */,
				2137D16529A672B600DE7F74 /* SZISearch.swift in Sources */,
				21F81A7029A0C7DD0020A7A4 /* Endpoints.swift in Sources */,
			);
			runOnlyForDeploymentPostprocessing = 0;
		};
/* End PBXSourcesBuildPhase section */

/* Begin PBXTargetDependency section */
		21F81A6929A0C7180020A7A4 /* PBXTargetDependency */ = {
			isa = PBXTargetDependency;
			target = 21F81A07299E8E590020A7A4 /* Szentiras */;
			targetProxy = 21F81A6829A0C7180020A7A4 /* PBXContainerItemProxy */;
		};
/* End PBXTargetDependency section */

/* Begin XCBuildConfiguration section */
		21F81A15299E8E5A0020A7A4 /* Debug */ = {
			isa = XCBuildConfiguration;
			buildSettings = {
				ALWAYS_SEARCH_USER_PATHS = NO;
				CLANG_ANALYZER_NONNULL = YES;
				CLANG_ANALYZER_NUMBER_OBJECT_CONVERSION = YES_AGGRESSIVE;
				CLANG_CXX_LANGUAGE_STANDARD = "gnu++20";
				CLANG_ENABLE_MODULES = YES;
				CLANG_ENABLE_OBJC_ARC = YES;
				CLANG_ENABLE_OBJC_WEAK = YES;
				CLANG_WARN_BLOCK_CAPTURE_AUTORELEASING = YES;
				CLANG_WARN_BOOL_CONVERSION = YES;
				CLANG_WARN_COMMA = YES;
				CLANG_WARN_CONSTANT_CONVERSION = YES;
				CLANG_WARN_DEPRECATED_OBJC_IMPLEMENTATIONS = YES;
				CLANG_WARN_DIRECT_OBJC_ISA_USAGE = YES_ERROR;
				CLANG_WARN_DOCUMENTATION_COMMENTS = YES;
				CLANG_WARN_EMPTY_BODY = YES;
				CLANG_WARN_ENUM_CONVERSION = YES;
				CLANG_WARN_INFINITE_RECURSION = YES;
				CLANG_WARN_INT_CONVERSION = YES;
				CLANG_WARN_NON_LITERAL_NULL_CONVERSION = YES;
				CLANG_WARN_OBJC_IMPLICIT_RETAIN_SELF = YES;
				CLANG_WARN_OBJC_LITERAL_CONVERSION = YES;
				CLANG_WARN_OBJC_ROOT_CLASS = YES_ERROR;
				CLANG_WARN_QUOTED_INCLUDE_IN_FRAMEWORK_HEADER = YES;
				CLANG_WARN_RANGE_LOOP_ANALYSIS = YES;
				CLANG_WARN_STRICT_PROTOTYPES = YES;
				CLANG_WARN_SUSPICIOUS_MOVE = YES;
				CLANG_WARN_UNGUARDED_AVAILABILITY = YES_AGGRESSIVE;
				CLANG_WARN_UNREACHABLE_CODE = YES;
				CLANG_WARN__DUPLICATE_METHOD_MATCH = YES;
				COPY_PHASE_STRIP = NO;
				DEBUG_INFORMATION_FORMAT = dwarf;
				ENABLE_STRICT_OBJC_MSGSEND = YES;
				ENABLE_TESTABILITY = YES;
				GCC_C_LANGUAGE_STANDARD = gnu11;
				GCC_DYNAMIC_NO_PIC = NO;
				GCC_NO_COMMON_BLOCKS = YES;
				GCC_OPTIMIZATION_LEVEL = 0;
				GCC_PREPROCESSOR_DEFINITIONS = (
					"DEBUG=1",
					"$(inherited)",
				);
				GCC_WARN_64_TO_32_BIT_CONVERSION = YES;
				GCC_WARN_ABOUT_RETURN_TYPE = YES_ERROR;
				GCC_WARN_UNDECLARED_SELECTOR = YES;
				GCC_WARN_UNINITIALIZED_AUTOS = YES_AGGRESSIVE;
				GCC_WARN_UNUSED_FUNCTION = YES;
				GCC_WARN_UNUSED_VARIABLE = YES;
				IPHONEOS_DEPLOYMENT_TARGET = 16.0;
				MTL_ENABLE_DEBUG_INFO = INCLUDE_SOURCE;
				MTL_FAST_MATH = YES;
				ONLY_ACTIVE_ARCH = YES;
				SWIFT_ACTIVE_COMPILATION_CONDITIONS = DEBUG;
				SWIFT_OPTIMIZATION_LEVEL = "-Onone";
			};
			name = Debug;
		};
		21F81A16299E8E5A0020A7A4 /* Release */ = {
			isa = XCBuildConfiguration;
			buildSettings = {
				ALWAYS_SEARCH_USER_PATHS = NO;
				CLANG_ANALYZER_NONNULL = YES;
				CLANG_ANALYZER_NUMBER_OBJECT_CONVERSION = YES_AGGRESSIVE;
				CLANG_CXX_LANGUAGE_STANDARD = "gnu++20";
				CLANG_ENABLE_MODULES = YES;
				CLANG_ENABLE_OBJC_ARC = YES;
				CLANG_ENABLE_OBJC_WEAK = YES;
				CLANG_WARN_BLOCK_CAPTURE_AUTORELEASING = YES;
				CLANG_WARN_BOOL_CONVERSION = YES;
				CLANG_WARN_COMMA = YES;
				CLANG_WARN_CONSTANT_CONVERSION = YES;
				CLANG_WARN_DEPRECATED_OBJC_IMPLEMENTATIONS = YES;
				CLANG_WARN_DIRECT_OBJC_ISA_USAGE = YES_ERROR;
				CLANG_WARN_DOCUMENTATION_COMMENTS = YES;
				CLANG_WARN_EMPTY_BODY = YES;
				CLANG_WARN_ENUM_CONVERSION = YES;
				CLANG_WARN_INFINITE_RECURSION = YES;
				CLANG_WARN_INT_CONVERSION = YES;
				CLANG_WARN_NON_LITERAL_NULL_CONVERSION = YES;
				CLANG_WARN_OBJC_IMPLICIT_RETAIN_SELF = YES;
				CLANG_WARN_OBJC_LITERAL_CONVERSION = YES;
				CLANG_WARN_OBJC_ROOT_CLASS = YES_ERROR;
				CLANG_WARN_QUOTED_INCLUDE_IN_FRAMEWORK_HEADER = YES;
				CLANG_WARN_RANGE_LOOP_ANALYSIS = YES;
				CLANG_WARN_STRICT_PROTOTYPES = YES;
				CLANG_WARN_SUSPICIOUS_MOVE = YES;
				CLANG_WARN_UNGUARDED_AVAILABILITY = YES_AGGRESSIVE;
				CLANG_WARN_UNREACHABLE_CODE = YES;
				CLANG_WARN__DUPLICATE_METHOD_MATCH = YES;
				COPY_PHASE_STRIP = NO;
				DEBUG_INFORMATION_FORMAT = "dwarf-with-dsym";
				ENABLE_NS_ASSERTIONS = NO;
				ENABLE_STRICT_OBJC_MSGSEND = YES;
				GCC_C_LANGUAGE_STANDARD = gnu11;
				GCC_NO_COMMON_BLOCKS = YES;
				GCC_WARN_64_TO_32_BIT_CONVERSION = YES;
				GCC_WARN_ABOUT_RETURN_TYPE = YES_ERROR;
				GCC_WARN_UNDECLARED_SELECTOR = YES;
				GCC_WARN_UNINITIALIZED_AUTOS = YES_AGGRESSIVE;
				GCC_WARN_UNUSED_FUNCTION = YES;
				GCC_WARN_UNUSED_VARIABLE = YES;
				IPHONEOS_DEPLOYMENT_TARGET = 16.0;
				MTL_ENABLE_DEBUG_INFO = NO;
				MTL_FAST_MATH = YES;
				SWIFT_COMPILATION_MODE = wholemodule;
				SWIFT_OPTIMIZATION_LEVEL = "-O";
			};
			name = Release;
		};
		21F81A18299E8E5A0020A7A4 /* Debug */ = {
			isa = XCBuildConfiguration;
			buildSettings = {
				ASSETCATALOG_COMPILER_APPICON_NAME = AppIcon;
				ASSETCATALOG_COMPILER_GLOBAL_ACCENT_COLOR_NAME = AccentColor;
				CODE_SIGN_ENTITLEMENTS = Szentiras_latest/Szentiras_latest.entitlements;
				CODE_SIGN_STYLE = Automatic;
				CURRENT_PROJECT_VERSION = 1;
				DEVELOPMENT_ASSET_PATHS = "\"Szentiras_latest/Preview Content\"";
				DEVELOPMENT_TEAM = 8YE8M3UNR3;
				ENABLE_HARDENED_RUNTIME = YES;
				ENABLE_PREVIEWS = YES;
				GENERATE_INFOPLIST_FILE = YES;
				INFOPLIST_FILE = "Szentiras-latest-Info.plist";
				INFOPLIST_KEY_CFBundleDisplayName = "Szentírás";
				INFOPLIST_KEY_LSApplicationCategoryType = "public.app-category.education";
				"INFOPLIST_KEY_UIApplicationSceneManifest_Generation[sdk=iphoneos*]" = YES;
				"INFOPLIST_KEY_UIApplicationSceneManifest_Generation[sdk=iphonesimulator*]" = YES;
				"INFOPLIST_KEY_UIApplicationSupportsIndirectInputEvents[sdk=iphoneos*]" = YES;
				"INFOPLIST_KEY_UIApplicationSupportsIndirectInputEvents[sdk=iphonesimulator*]" = YES;
				"INFOPLIST_KEY_UILaunchScreen_Generation[sdk=iphoneos*]" = YES;
				"INFOPLIST_KEY_UILaunchScreen_Generation[sdk=iphonesimulator*]" = YES;
				INFOPLIST_KEY_UILaunchStoryboardName = LaunchScreen.storyboard;
				"INFOPLIST_KEY_UIStatusBarStyle[sdk=iphoneos*]" = UIStatusBarStyleDefault;
				"INFOPLIST_KEY_UIStatusBarStyle[sdk=iphonesimulator*]" = UIStatusBarStyleDefault;
				INFOPLIST_KEY_UISupportedInterfaceOrientations = UIInterfaceOrientationPortrait;
				IPHONEOS_DEPLOYMENT_TARGET = 16.0;
				LD_RUNPATH_SEARCH_PATHS = "@executable_path/Frameworks";
				"LD_RUNPATH_SEARCH_PATHS[sdk=macosx*]" = "@executable_path/../Frameworks";
				MACOSX_DEPLOYMENT_TARGET = 13.1;
				MARKETING_VERSION = 4.1;
				PRODUCT_BUNDLE_IDENTIFIER = com.sornyei.szentiras1;
				PRODUCT_NAME = "$(TARGET_NAME)";
				SDKROOT = auto;
				SUPPORTED_PLATFORMS = "iphoneos iphonesimulator";
				SUPPORTS_MACCATALYST = NO;
				SUPPORTS_MAC_DESIGNED_FOR_IPHONE_IPAD = NO;
				SWIFT_EMIT_LOC_STRINGS = YES;
				SWIFT_VERSION = 5.0;
				TARGETED_DEVICE_FAMILY = 1;
			};
			name = Debug;
		};
		21F81A19299E8E5A0020A7A4 /* Release */ = {
			isa = XCBuildConfiguration;
			buildSettings = {
				ASSETCATALOG_COMPILER_APPICON_NAME = AppIcon;
				ASSETCATALOG_COMPILER_GLOBAL_ACCENT_COLOR_NAME = AccentColor;
				CODE_SIGN_ENTITLEMENTS = Szentiras_latest/Szentiras_latest.entitlements;
				CODE_SIGN_STYLE = Automatic;
				CURRENT_PROJECT_VERSION = 1;
				DEVELOPMENT_ASSET_PATHS = "\"Szentiras_latest/Preview Content\"";
				DEVELOPMENT_TEAM = 8YE8M3UNR3;
				ENABLE_HARDENED_RUNTIME = YES;
				ENABLE_PREVIEWS = YES;
				GENERATE_INFOPLIST_FILE = YES;
				INFOPLIST_FILE = "Szentiras-latest-Info.plist";
				INFOPLIST_KEY_CFBundleDisplayName = "Szentírás";
				INFOPLIST_KEY_LSApplicationCategoryType = "public.app-category.education";
				"INFOPLIST_KEY_UIApplicationSceneManifest_Generation[sdk=iphoneos*]" = YES;
				"INFOPLIST_KEY_UIApplicationSceneManifest_Generation[sdk=iphonesimulator*]" = YES;
				"INFOPLIST_KEY_UIApplicationSupportsIndirectInputEvents[sdk=iphoneos*]" = YES;
				"INFOPLIST_KEY_UIApplicationSupportsIndirectInputEvents[sdk=iphonesimulator*]" = YES;
				"INFOPLIST_KEY_UILaunchScreen_Generation[sdk=iphoneos*]" = YES;
				"INFOPLIST_KEY_UILaunchScreen_Generation[sdk=iphonesimulator*]" = YES;
				INFOPLIST_KEY_UILaunchStoryboardName = LaunchScreen.storyboard;
				"INFOPLIST_KEY_UIStatusBarStyle[sdk=iphoneos*]" = UIStatusBarStyleDefault;
				"INFOPLIST_KEY_UIStatusBarStyle[sdk=iphonesimulator*]" = UIStatusBarStyleDefault;
				INFOPLIST_KEY_UISupportedInterfaceOrientations = UIInterfaceOrientationPortrait;
				IPHONEOS_DEPLOYMENT_TARGET = 16.0;
				LD_RUNPATH_SEARCH_PATHS = "@executable_path/Frameworks";
				"LD_RUNPATH_SEARCH_PATHS[sdk=macosx*]" = "@executable_path/../Frameworks";
				MACOSX_DEPLOYMENT_TARGET = 13.1;
				MARKETING_VERSION = 4.1;
				PRODUCT_BUNDLE_IDENTIFIER = com.sornyei.szentiras1;
				PRODUCT_NAME = "$(TARGET_NAME)";
				SDKROOT = auto;
				SUPPORTED_PLATFORMS = "iphoneos iphonesimulator";
				SUPPORTS_MACCATALYST = NO;
				SUPPORTS_MAC_DESIGNED_FOR_IPHONE_IPAD = NO;
				SWIFT_EMIT_LOC_STRINGS = YES;
				SWIFT_VERSION = 5.0;
				TARGETED_DEVICE_FAMILY = 1;
			};
			name = Release;
		};
		21F81A6B29A0C7180020A7A4 /* Debug */ = {
			isa = XCBuildConfiguration;
			buildSettings = {
				BUNDLE_LOADER = "$(TEST_HOST)";
				CODE_SIGN_STYLE = Automatic;
				CURRENT_PROJECT_VERSION = 1;
				DEVELOPMENT_TEAM = 8YE8M3UNR3;
				GENERATE_INFOPLIST_FILE = YES;
				IPHONEOS_DEPLOYMENT_TARGET = 16.2;
				MARKETING_VERSION = 1.0;
				PRODUCT_BUNDLE_IDENTIFIER = "com.sornyei.Szentiras-Tests";
				PRODUCT_NAME = "$(TARGET_NAME)";
				SDKROOT = iphoneos;
				SWIFT_EMIT_LOC_STRINGS = NO;
				SWIFT_VERSION = 5.0;
				TARGETED_DEVICE_FAMILY = "1,2";
				TEST_HOST = "$(BUILT_PRODUCTS_DIR)/Szentiras.app/$(BUNDLE_EXECUTABLE_FOLDER_PATH)/Szentiras";
			};
			name = Debug;
		};
		21F81A6C29A0C7180020A7A4 /* Release */ = {
			isa = XCBuildConfiguration;
			buildSettings = {
				BUNDLE_LOADER = "$(TEST_HOST)";
				CODE_SIGN_STYLE = Automatic;
				CURRENT_PROJECT_VERSION = 1;
				DEVELOPMENT_TEAM = 8YE8M3UNR3;
				GENERATE_INFOPLIST_FILE = YES;
				IPHONEOS_DEPLOYMENT_TARGET = 16.2;
				MARKETING_VERSION = 1.0;
				PRODUCT_BUNDLE_IDENTIFIER = "com.sornyei.Szentiras-Tests";
				PRODUCT_NAME = "$(TARGET_NAME)";
				SDKROOT = iphoneos;
				SWIFT_EMIT_LOC_STRINGS = NO;
				SWIFT_VERSION = 5.0;
				TARGETED_DEVICE_FAMILY = "1,2";
				TEST_HOST = "$(BUILT_PRODUCTS_DIR)/Szentiras.app/$(BUNDLE_EXECUTABLE_FOLDER_PATH)/Szentiras";
				VALIDATE_PRODUCT = YES;
			};
			name = Release;
		};
/* End XCBuildConfiguration section */

/* Begin XCConfigurationList section */
		21F81A03299E8E590020A7A4 /* Build configuration list for PBXProject "Szentiras" */ = {
			isa = XCConfigurationList;
			buildConfigurations = (
				21F81A15299E8E5A0020A7A4 /* Debug */,
				21F81A16299E8E5A0020A7A4 /* Release */,
			);
			defaultConfigurationIsVisible = 0;
			defaultConfigurationName = Release;
		};
		21F81A17299E8E5A0020A7A4 /* Build configuration list for PBXNativeTarget "Szentiras" */ = {
			isa = XCConfigurationList;
			buildConfigurations = (
				21F81A18299E8E5A0020A7A4 /* Debug */,
				21F81A19299E8E5A0020A7A4 /* Release */,
			);
			defaultConfigurationIsVisible = 0;
			defaultConfigurationName = Release;
		};
		21F81A6A29A0C7180020A7A4 /* Build configuration list for PBXNativeTarget "Szentiras_Tests" */ = {
			isa = XCConfigurationList;
			buildConfigurations = (
				21F81A6B29A0C7180020A7A4 /* Debug */,
				21F81A6C29A0C7180020A7A4 /* Release */,
			);
			defaultConfigurationIsVisible = 0;
			defaultConfigurationName = Release;
		};
/* End XCConfigurationList section */

/* Begin XCRemoteSwiftPackageReference section */
		21F81A7529A0CA980020A7A4 /* XCRemoteSwiftPackageReference "LoggerKit" */ = {
			isa = XCRemoteSwiftPackageReference;
			repositoryURL = "https://github.com/hastoro11/LoggerKit.git";
			requirement = {
				branch = master;
				kind = branch;
			};
		};
/* End XCRemoteSwiftPackageReference section */

/* Begin XCSwiftPackageProductDependency section */
		21F81A7629A0CA980020A7A4 /* LoggerKit */ = {
			isa = XCSwiftPackageProductDependency;
			package = 21F81A7529A0CA980020A7A4 /* XCRemoteSwiftPackageReference "LoggerKit" */;
			productName = LoggerKit;
		};
/* End XCSwiftPackageProductDependency section */
	};
	rootObject = 21F81A00299E8E590020A7A4 /* Project object */;
}
